
Microsoft Visual Studio Solution File, Format Version 12.00
# Visual Studio Version 17
VisualStudioVersion = 17.7.34202.233
MinimumVisualStudioVersion = 10.0.40219.1
Project("{9A19103F-16F7-4668-BE54-9A1E7A4F7556}") = "ProyectoSenaLmour", "ProyectoSenaLmour\ProyectoSenaLmour.csproj", "{6ACEDC59-B497-4502-B60B-B7153FC46FD9}"
EndProject
Project("{FAE04EC0-301F-11D3-BF4B-00C04F79EFBC}") = "CapaDatos", "CapaDatos\CapaDatos.csproj", "{3DCC66DE-8761-48C7-AA1E-6E2EB2ED7D94}"
EndProject
Project("{FAE04EC0-301F-11D3-BF4B-00C04F79EFBC}") = "CapaEntidad", "CapaEntidad\CapaEntidad.csproj", "{273319CB-E285-4D6B-B9AF-D43D618C8823}"
EndProject
Project("{FAE04EC0-301F-11D3-BF4B-00C04F79EFBC}") = "CapaNegocio", "CapaNegocio\CapaNegocio.csproj", "{A8AE2D1F-7EDD-46CC-B487-9A225DEFC37C}"
EndProject
Global
	GlobalSection(SolutionConfigurationPlatforms) = preSolution
		Debug|Any CPU = Debug|Any CPU
		Release|Any CPU = Release|Any CPU
	EndGlobalSection
	GlobalSection(ProjectConfigurationPlatforms) = postSolution
		{6ACEDC59-B497-4502-B60B-B7153FC46FD9}.Debug|Any CPU.ActiveCfg = Debug|Any CPU
		{6ACEDC59-B497-4502-B60B-B7153FC46FD9}.Debug|Any CPU.Build.0 = Debug|Any CPU
		{6ACEDC59-B497-4502-B60B-B7153FC46FD9}.Release|Any CPU.ActiveCfg = Release|Any CPU
		{6ACEDC59-B497-4502-B60B-B7153FC46FD9}.Release|Any CPU.Build.0 = Release|Any CPU
		{3DCC66DE-8761-48C7-AA1E-6E2EB2ED7D94}.Debug|Any CPU.ActiveCfg = Debug|Any CPU
		{3DCC66DE-8761-48C7-AA1E-6E2EB2ED7D94}.Debug|Any CPU.Build.0 = Debug|Any CPU
		{3DCC66DE-8761-48C7-AA1E-6E2EB2ED7D94}.Release|Any CPU.ActiveCfg = Release|Any CPU
		{3DCC66DE-8761-48C7-AA1E-6E2EB2ED7D94}.Release|Any CPU.Build.0 = Release|Any CPU
		{273319CB-E285-4D6B-B9AF-D43D618C8823}.Debug|Any CPU.ActiveCfg = Debug|Any CPU
		{273319CB-E285-4D6B-B9AF-D43D618C8823}.Debug|Any CPU.Build.0 = Debug|Any CPU
		{273319CB-E285-4D6B-B9AF-D43D618C8823}.Release|Any CPU.ActiveCfg = Release|Any CPU
		{273319CB-E285-4D6B-B9AF-D43D618C8823}.Release|Any CPU.Build.0 = Release|Any CPU
		{A8AE2D1F-7EDD-46CC-B487-9A225DEFC37C}.Debug|Any CPU.ActiveCfg = Debug|Any CPU
		{A8AE2D1F-7EDD-46CC-B487-9A225DEFC37C}.Debug|Any CPU.Build.0 = Debug|Any CPU
		{A8AE2D1F-7EDD-46CC-B487-9A225DEFC37C}.Release|Any CPU.ActiveCfg = Release|Any CPU
		{A8AE2D1F-7EDD-46CC-B487-9A225DEFC37C}.Release|Any CPU.Build.0 = Release|Any CPU
	EndGlobalSection
	GlobalSection(SolutionProperties) = preSolution
		HideSolutionNode = FALSE
	EndGlobalSection
	GlobalSection(ExtensibilityGlobals) = postSolution
		SolutionGuid = {79C6D9DC-109C-4CBA-A058-917CF05564A3}
	EndGlobalSection
EndGlobal
